
Microsoft Visual Studio Solution File, Format Version 12.00
# Visual Studio 15
VisualStudioVersion = 15.0.28010.0
MinimumVisualStudioVersion = 10.0.40219.1
Project("{FAE04EC0-301F-11D3-BF4B-00C04F79EFBC}") = "TD.Business", "TD.Business\TD.Business.csproj", "{E0908F12-7E60-4CD2-8480-4CA601C53334}"
EndProject
Global
	GlobalSection(SolutionConfigurationPlatforms) = preSolution
		Debug|Any CPU = Debug|Any CPU
		Release|Any CPU = Release|Any CPU
	EndGlobalSection
	GlobalSection(ProjectConfigurationPlatforms) = postSolution
		{E0908F12-7E60-4CD2-8480-4CA601C53334}.Debug|Any CPU.ActiveCfg = Debug|Any CPU
		{E0908F12-7E60-4CD2-8480-4CA601C53334}.Debug|Any CPU.Build.0 = Debug|Any CPU
		{E0908F12-7E60-4CD2-8480-4CA601C53334}.Release|Any CPU.ActiveCfg = Release|Any CPU
		{E0908F12-7E60-4CD2-8480-4CA601C53334}.Release|Any CPU.Build.0 = Release|Any CPU
	EndGlobalSection
	GlobalSection(SolutionProperties) = preSolution
		HideSolutionNode = FALSE
	EndGlobalSection
	GlobalSection(ExtensibilityGlobals) = postSolution
		SolutionGuid = {787D3B5E-2853-4AF3-823B-A8F46814ECBB}
	EndGlobalSection
EndGlobal
